indianexpress.com##.thumbBlock
indianexpress.com###taboola-below-content
indianexpress.com##.trc_related_container.trc_spotlight_widget.render-late-effect.tbl-feed-container.tbl-feed-frame-DIVIDER.tbl-feed-abp
indianexpress.com##.m-gutter-tout
indianexpress.com###nextstory
indianexpress.com##.ie-story-list
indianexpress.com##.m-app-download-tout
revolvy.com###cookie_consent
geeksforgeeks.org##.modal-content
geeksforgeeks.org##.cc-window.cc-banner.cc-type-info.cc-theme-classic.cc-bottom.cc-color-override-382972913
cricbuzz.com###latest-vid-mod
cricbuzz.com##.cb-col.cb-col-100.cb-sr-hist-pad
tutorialspoint.com###privacy-banner
stackoverflow.com###js-gdpr-consent-banner
stackoverflow.com##.p16.bg-black-700.ff-sans.fc-white.ps-fixed.b0.l0.r0.z-banner
howtoforge.com##.cc_banner.cc_container.cc_container--open
realpython.com###at4-share
realpython.com##.at4-share.addthis_32x32_style.atss.atss-left.addthis-animated.slideInLeft
realpython.com##.onesignal-bell-launcher-button
indianexpress.com##.g-footer.s-menu-drawer__footer
mail.google.com##.akc.aZ6
patrika.com##.patrika-container
patrika.com###adpopup
patrika.com##.patrika-wrap-bg-type1
indianexpress.com##.g-header__brand-bar
indianexpress.com##.g-header__global-bar
indianexpress.com##.g-header.s-sticky
||media.geeksforgeeks.org/wp-content/cdn-uploads/20190524185717/ML_Left_Bottom.png
*###taboola-below-article-thumbnails
||static.patrika.com/images/blocker.gif
realpython.com##iframe
