! 6/14/2020 https://www.facebook.com
www.facebook.com##div[data-pagelet="FeedUnit_{n}"]:has(span:has-text(/^[Suggested for you]{9,}$/))

! 6/14/2020 https://indianexpress.com
indianexpress.com##footer
indianexpress.com##div[id="append_breaking_box"]
indianexpress.com##.rightpanel
indianexpress.com##.newsletter_form
indianexpress.com##.appstext
indianexpress.com##.subscribe-links
indianexpress.com##.copyright
indianexpress.com##.storytags
indianexpress.com##.share-social
indianexpress.com##.breaking-news
indianexpress.com##.vernaculars-topbar
indianexpress.com##.header-holder
indianexpress.com##+js(ra.js, id, nav)

! 6/20/2020 https://www.youtube.com
www.youtube.com###chat
www.youtube.com##div[id="clarify-box"]
www.youtube.com##div[id="sponsor-button"]
www.youtube.com##.ytp-chrome-top
